
Microsoft Visual Studio Solution File, Format Version 12.00
# Visual Studio 14
VisualStudioVersion = 14.0.25420.1
MinimumVisualStudioVersion = 10.0.40219.1
Project("{FAE04EC0-301F-11D3-BF4B-00C04F79EFBC}") = "01进程", "01进程\01进程.csproj", "{D67F8B75-5C02-4C54-98B5-1B9208EC4525}"
EndProject
Project("{FAE04EC0-301F-11D3-BF4B-00C04F79EFBC}") = "02打开文件练习", "02打开文件练习\02打开文件练习.csproj", "{2FCF1D3E-71F5-4654-A405-1BCD93F0A03B}"
EndProject
Global
	GlobalSection(SolutionConfigurationPlatforms) = preSolution
		Debug|Any CPU = Debug|Any CPU
		Release|Any CPU = Release|Any CPU
	EndGlobalSection
	GlobalSection(ProjectConfigurationPlatforms) = postSolution
		{D67F8B75-5C02-4C54-98B5-1B9208EC4525}.Debug|Any CPU.ActiveCfg = Debug|Any CPU
		{D67F8B75-5C02-4C54-98B5-1B9208EC4525}.Debug|Any CPU.Build.0 = Debug|Any CPU
		{D67F8B75-5C02-4C54-98B5-1B9208EC4525}.Release|Any CPU.ActiveCfg = Release|Any CPU
		{D67F8B75-5C02-4C54-98B5-1B9208EC4525}.Release|Any CPU.Build.0 = Release|Any CPU
		{2FCF1D3E-71F5-4654-A405-1BCD93F0A03B}.Debug|Any CPU.ActiveCfg = Debug|Any CPU
		{2FCF1D3E-71F5-4654-A405-1BCD93F0A03B}.Debug|Any CPU.Build.0 = Debug|Any CPU
		{2FCF1D3E-71F5-4654-A405-1BCD93F0A03B}.Release|Any CPU.ActiveCfg = Release|Any CPU
		{2FCF1D3E-71F5-4654-A405-1BCD93F0A03B}.Release|Any CPU.Build.0 = Release|Any CPU
	EndGlobalSection
	GlobalSection(SolutionProperties) = preSolution
		HideSolutionNode = FALSE
	EndGlobalSection
EndGlobal
